# This file is automatically @generated by Poetry 1.8.4 and should not be changed by hand.

[[package]]
name = "pymupdf"
version = "1.24.13"
description = "A high performance Python library for data extraction, analysis, conversion & manipulation of PDF (and other) documents."
optional = false
python-versions = ">=3.9"
files = [
    {file = "PyMuPDF-1.24.13-cp39-abi3-macosx_10_9_x86_64.whl", hash = "sha256:c11bb9198af69d490b4b346421db827d875a28fbc760d239e691d4b3ed12b5ad"},
    {file = "PyMuPDF-1.24.13-cp39-abi3-macosx_11_0_arm64.whl", hash = "sha256:240d5c43daa9278db50d609162b48f673ab256d7e5c73eea67af517c1fc2d47c"},
    {file = "PyMuPDF-1.24.13-cp39-abi3-manylinux2014_aarch64.manylinux_2_17_aarch64.whl", hash = "sha256:e4c8808e62afbbde0f7b9c4151c4b1a5735911c2d39c34332860df600dba76f8"},
    {file = "PyMuPDF-1.24.13-cp39-abi3-manylinux2014_x86_64.manylinux_2_17_x86_64.whl", hash = "sha256:c830610e4fde237fcf0532f1f8c1381453f48c164a5eadd0c6e5fd0bea1ca8e3"},
    {file = "PyMuPDF-1.24.13-cp39-abi3-musllinux_1_2_x86_64.whl", hash = "sha256:4520558580ac6b5a7164fda29fbc14e39d3114fd803420721500edbf47d04872"},
    {file = "PyMuPDF-1.24.13-cp39-abi3-win32.whl", hash = "sha256:ab22828d4fc205791ef1332a64893cbfc38cd9c331c5f46ae4537372ffee6fc1"},
    {file = "PyMuPDF-1.24.13-cp39-abi3-win_amd64.whl", hash = "sha256:ec17914e4a560f4070212a2e84db5cc8b561d85d1ead193605a22f9561b03148"},
    {file = "PyMuPDF-1.24.13.tar.gz", hash = "sha256:6ec3ab3c6d5cba60bfcf58daaa2d1a5b700b0366ce52be666445007351461fa4"},
]

[metadata]
lock-version = "2.0"
python-versions = "^3.10"
content-hash = "b7947331d25cb2013937ac201bba367a56ddb0f91ec7097519d90ea6b7e216f3"
